
Microsoft Visual Studio Solution File, Format Version 12.00
# Visual Studio 14
VisualStudioVersion = 14.0.25420.1
MinimumVisualStudioVersion = 10.0.40219.1
Project("{FAE04EC0-301F-11D3-BF4B-00C04F79EFBC}") = "HiResBundlerRequeuer", "HiResBundlerRequeuer\HiResBundlerRequeuer.csproj", "{366ABDF2-5804-4D50-A7BC-8593EA5EEBE1}"
EndProject
Project("{FAE04EC0-301F-11D3-BF4B-00C04F79EFBC}") = "Tests", "Tests\Tests.csproj", "{94990F95-838C-4E5A-AFD0-D31769E7D455}"
EndProject
Global
	GlobalSection(SolutionConfigurationPlatforms) = preSolution
		Debug|Any CPU = Debug|Any CPU
		Dev|Any CPU = Dev|Any CPU
		QAAzure|Any CPU = QAAzure|Any CPU
		Release|Any CPU = Release|Any CPU
	EndGlobalSection
	GlobalSection(ProjectConfigurationPlatforms) = postSolution
		{366ABDF2-5804-4D50-A7BC-8593EA5EEBE1}.Debug|Any CPU.ActiveCfg = Debug|Any CPU
		{366ABDF2-5804-4D50-A7BC-8593EA5EEBE1}.Debug|Any CPU.Build.0 = Debug|Any CPU
		{366ABDF2-5804-4D50-A7BC-8593EA5EEBE1}.Dev|Any CPU.ActiveCfg = Dev|Any CPU
		{366ABDF2-5804-4D50-A7BC-8593EA5EEBE1}.Dev|Any CPU.Build.0 = Dev|Any CPU
		{366ABDF2-5804-4D50-A7BC-8593EA5EEBE1}.QAAzure|Any CPU.ActiveCfg = QAAzure|Any CPU
		{366ABDF2-5804-4D50-A7BC-8593EA5EEBE1}.QAAzure|Any CPU.Build.0 = QAAzure|Any CPU
		{366ABDF2-5804-4D50-A7BC-8593EA5EEBE1}.Release|Any CPU.ActiveCfg = Release|Any CPU
		{366ABDF2-5804-4D50-A7BC-8593EA5EEBE1}.Release|Any CPU.Build.0 = Release|Any CPU
		{94990F95-838C-4E5A-AFD0-D31769E7D455}.Debug|Any CPU.ActiveCfg = Debug|Any CPU
		{94990F95-838C-4E5A-AFD0-D31769E7D455}.Debug|Any CPU.Build.0 = Debug|Any CPU
		{94990F95-838C-4E5A-AFD0-D31769E7D455}.Dev|Any CPU.ActiveCfg = Dev|Any CPU
		{94990F95-838C-4E5A-AFD0-D31769E7D455}.Dev|Any CPU.Build.0 = Dev|Any CPU
		{94990F95-838C-4E5A-AFD0-D31769E7D455}.QAAzure|Any CPU.ActiveCfg = QAAzure|Any CPU
		{94990F95-838C-4E5A-AFD0-D31769E7D455}.QAAzure|Any CPU.Build.0 = QAAzure|Any CPU
		{94990F95-838C-4E5A-AFD0-D31769E7D455}.Release|Any CPU.ActiveCfg = Release|Any CPU
		{94990F95-838C-4E5A-AFD0-D31769E7D455}.Release|Any CPU.Build.0 = Release|Any CPU
	EndGlobalSection
	GlobalSection(SolutionProperties) = preSolution
		HideSolutionNode = FALSE
	EndGlobalSection
EndGlobal
